// !$*UTF8*$!
{
	archiveVersion = 1;
	classes = {
	};
	objectVersion = 50;
	objects = {

/* Begin PBXBuildFile section */
		BA8E5D7120E9E01E007D2C57 /* AppDelegate.m in Sources */ = {isa = PBXBuildFile; fileRef = BA8E5D7020E9E01E007D2C57 /* AppDelegate.m */; };
		BA8E5D7420E9E01E007D2C57 /* ViewController.m in Sources */ = {isa = PBXBuildFile; fileRef = BA8E5D7320E9E01E007D2C57 /* ViewController.m */; };
		BA8E5D7720E9E01E007D2C57 /* Main.storyboard in Resources */ = {isa = PBXBuildFile; fileRef = BA8E5D7520E9E01E007D2C57 /* Main.storyboard */; };
		BA8E5D7920E9E020007D2C57 /* Assets.xcassets in Resources */ = {isa = PBXBuildFile; fileRef = BA8E5D7820E9E020007D2C57 /* Assets.xcassets */; };
		BA8E5D7C20E9E020007D2C57 /* LaunchScreen.storyboard in Resources */ = {isa = PBXBuildFile; fileRef = BA8E5D7A20E9E020007D2C57 /* LaunchScreen.storyboard */; };
		BA8E5D7F20E9E020007D2C57 /* main.m in Sources */ = {isa = PBXBuildFile; fileRef = BA8E5D7E20E9E020007D2C57 /* main.m */; };
		BA8E5D8620E9E058007D2C57 /* User.m in Sources */ = {isa = PBXBuildFile; fileRef = BA8E5D8520E9E058007D2C57 /* User.m */; };
		BA8E5D9320EA2B13007D2C57 /* Student.m in Sources */ = {isa = PBXBuildFile; fileRef = BA8E5D9220EA2B13007D2C57 /* Student.m */; };
		BACBDA9920EB02C80091CCDB /* UIButton+Click.m in Sources */ = {isa = PBXBuildFile; fileRef = BACBDA9820EB02C80091CCDB /* UIButton+Click.m */; };
		BACBDA9C20EB22A60091CCDB /* NSObject+KeyValues.m in Sources */ = {isa = PBXBuildFile; fileRef = BACBDA9B20EB22A60091CCDB /* NSObject+KeyValues.m */; };
		BADC8DA920EB4A93002934E9 /* Assets.xcassets in Resources */ = {isa = PBXBuildFile; fileRef = BADC8D9720EB4A93002934E9 /* Assets.xcassets */; };
		BADC8DAA20EB4A93002934E9 /* ViewController.m in Sources */ = {isa = PBXBuildFile; fileRef = BADC8D9820EB4A93002934E9 /* ViewController.m */; };
		BADC8DAB20EB4A93002934E9 /* LaunchScreen.storyboard in Resources */ = {isa = PBXBuildFile; fileRef = BADC8D9920EB4A93002934E9 /* LaunchScreen.storyboard */; };
		BADC8DAC20EB4A93002934E9 /* Main.storyboard in Resources */ = {isa = PBXBuildFile; fileRef = BADC8D9B20EB4A93002934E9 /* Main.storyboard */; };
		BADC8DAD20EB4A93002934E9 /* main.m in Sources */ = {isa = PBXBuildFile; fileRef = BADC8D9D20EB4A93002934E9 /* main.m */; };
		BADC8DAE20EB4A93002934E9 /* User+AddProperty.m in Sources */ = {isa = PBXBuildFile; fileRef = BADC8D9F20EB4A93002934E9 /* User+AddProperty.m */; };
		BADC8DAF20EB4A93002934E9 /* User.m in Sources */ = {isa = PBXBuildFile; fileRef = BADC8DA020EB4A93002934E9 /* User.m */; };
		BADC8DB020EB4A93002934E9 /* AppDelegate.m in Sources */ = {isa = PBXBuildFile; fileRef = BADC8DA320EB4A93002934E9 /* AppDelegate.m */; };
		BADC8DB120EB4A93002934E9 /* HCDRunTime.m in Sources */ = {isa = PBXBuildFile; fileRef = BADC8DA620EB4A93002934E9 /* HCDRunTime.m */; };
		BADC8DB220EB4A93002934E9 /* Info.plist in Resources */ = {isa = PBXBuildFile; fileRef = BADC8DA720EB4A93002934E9 /* Info.plist */; };
		BAFAA64C20E47A380078152D /* RunTimeDemoTests.m in Sources */ = {isa = PBXBuildFile; fileRef = BAFAA64B20E47A380078152D /* RunTimeDemoTests.m */; };
		BAFAA65720E47A380078152D /* RunTimeDemoUITests.m in Sources */ = {isa = PBXBuildFile; fileRef = BAFAA65620E47A380078152D /* RunTimeDemoUITests.m */; };
/* End PBXBuildFile section */

/* Begin PBXContainerItemProxy section */
		BAFAA64820E47A380078152D /* PBXContainerItemProxy */ = {
			isa = PBXContainerItemProxy;
			containerPortal = BAFAA62720E47A360078152D /* Project object */;
			proxyType = 1;
			remoteGlobalIDString = BAFAA62E20E47A360078152D;
			remoteInfo = RunTimeDemo;
		};
		BAFAA65320E47A380078152D /* PBXContainerItemProxy */ = {
			isa = PBXContainerItemProxy;
			containerPortal = BAFAA62720E47A360078152D /* Project object */;
			proxyType = 1;
			remoteGlobalIDString = BAFAA62E20E47A360078152D;
			remoteInfo = RunTimeDemo;
		};
/* End PBXContainerItemProxy section */

/* Begin PBXFileReference section */
		BA8E5D6D20E9E01E007D2C57 /* RuntimeDemo2.app */ = {isa = PBXFileReference; explicitFileType = wrapper.application; includeInIndex = 0; path = RuntimeDemo2.app; sourceTree = BUILT_PRODUCTS_DIR; };
		BA8E5D6F20E9E01E007D2C57 /* AppDelegate.h */ = {isa = PBXFileReference; lastKnownFileType = sourcecode.c.h; path = AppDelegate.h; sourceTree = "<group>"; };
		BA8E5D7020E9E01E007D2C57 /* AppDelegate.m */ = {isa = PBXFileReference; lastKnownFileType = sourcecode.c.objc; path = AppDelegate.m; sourceTree = "<group>"; };
		BA8E5D7220E9E01E007D2C57 /* ViewController.h */ = {isa = PBXFileReference; lastKnownFileType = sourcecode.c.h; path = ViewController.h; sourceTree = "<group>"; };
		BA8E5D7320E9E01E007D2C57 /* ViewController.m */ = {isa = PBXFileReference; lastKnownFileType = sourcecode.c.objc; path = ViewController.m; sourceTree = "<group>"; };
		BA8E5D7620E9E01E007D2C57 /* Base */ = {isa = PBXFileReference; lastKnownFileType = file.storyboard; name = Base; path = Base.lproj/Main.storyboard; sourceTree = "<group>"; };
		BA8E5D7820E9E020007D2C57 /* Assets.xcassets */ = {isa = PBXFileReference; lastKnownFileType = folder.assetcatalog; path = Assets.xcassets; sourceTree = "<group>"; };
		BA8E5D7B20E9E020007D2C57 /* Base */ = {isa = PBXFileReference; lastKnownFileType = file.storyboard; name = Base; path = Base.lproj/LaunchScreen.storyboard; sourceTree = "<group>"; };
		BA8E5D7D20E9E020007D2C57 /* Info.plist */ = {isa = PBXFileReference; lastKnownFileType = text.plist.xml; path = Info.plist; sourceTree = "<group>"; };
		BA8E5D7E20E9E020007D2C57 /* main.m */ = {isa = PBXFileReference; lastKnownFileType = sourcecode.c.objc; path = main.m; sourceTree = "<group>"; };
		BA8E5D8420E9E058007D2C57 /* User.h */ = {isa = PBXFileReference; lastKnownFileType = sourcecode.c.h; path = User.h; sourceTree = "<group>"; };
		BA8E5D8520E9E058007D2C57 /* User.m */ = {isa = PBXFileReference; lastKnownFileType = sourcecode.c.objc; path = User.m; sourceTree = "<group>"; };
		BA8E5D9120EA2B13007D2C57 /* Student.h */ = {isa = PBXFileReference; lastKnownFileType = sourcecode.c.h; path = Student.h; sourceTree = "<group>"; };
		BA8E5D9220EA2B13007D2C57 /* Student.m */ = {isa = PBXFileReference; lastKnownFileType = sourcecode.c.objc; path = Student.m; sourceTree = "<group>"; };
		BACBDA9720EB02C80091CCDB /* UIButton+Click.h */ = {isa = PBXFileReference; lastKnownFileType = sourcecode.c.h; path = "UIButton+Click.h"; sourceTree = "<group>"; };
		BACBDA9820EB02C80091CCDB /* UIButton+Click.m */ = {isa = PBXFileReference; lastKnownFileType = sourcecode.c.objc; path = "UIButton+Click.m"; sourceTree = "<group>"; };
		BACBDA9A20EB22A60091CCDB /* NSObject+KeyValues.h */ = {isa = PBXFileReference; lastKnownFileType = sourcecode.c.h; path = "NSObject+KeyValues.h"; sourceTree = "<group>"; };
		BACBDA9B20EB22A60091CCDB /* NSObject+KeyValues.m */ = {isa = PBXFileReference; lastKnownFileType = sourcecode.c.objc; path = "NSObject+KeyValues.m"; sourceTree = "<group>"; };
		BADC8D9620EB4A93002934E9 /* AppDelegate.h */ = {isa = PBXFileReference; fileEncoding = 4; lastKnownFileType = sourcecode.c.h; path = AppDelegate.h; sourceTree = "<group>"; };
		BADC8D9720EB4A93002934E9 /* Assets.xcassets */ = {isa = PBXFileReference; lastKnownFileType = folder.assetcatalog; path = Assets.xcassets; sourceTree = "<group>"; };
		BADC8D9820EB4A93002934E9 /* ViewController.m */ = {isa = PBXFileReference; fileEncoding = 4; lastKnownFileType = sourcecode.c.objc; path = ViewController.m; sourceTree = "<group>"; };
		BADC8D9A20EB4A93002934E9 /* Base */ = {isa = PBXFileReference; lastKnownFileType = file.storyboard; name = Base; path = Base.lproj/LaunchScreen.storyboard; sourceTree = "<group>"; };
		BADC8D9C20EB4A93002934E9 /* Base */ = {isa = PBXFileReference; lastKnownFileType = file.storyboard; name = Base; path = Base.lproj/Main.storyboard; sourceTree = "<group>"; };
		BADC8D9D20EB4A93002934E9 /* main.m */ = {isa = PBXFileReference; fileEncoding = 4; lastKnownFileType = sourcecode.c.objc; path = main.m; sourceTree = "<group>"; };
		BADC8D9F20EB4A93002934E9 /* User+AddProperty.m */ = {isa = PBXFileReference; fileEncoding = 4; lastKnownFileType = sourcecode.c.objc; path = "User+AddProperty.m"; sourceTree = "<group>"; };
		BADC8DA020EB4A93002934E9 /* User.m */ = {isa = PBXFileReference; fileEncoding = 4; lastKnownFileType = sourcecode.c.objc; path = User.m; sourceTree = "<group>"; };
		BADC8DA120EB4A93002934E9 /* User.h */ = {isa = PBXFileReference; fileEncoding = 4; lastKnownFileType = sourcecode.c.h; path = User.h; sourceTree = "<group>"; };
		BADC8DA220EB4A93002934E9 /* User+AddProperty.h */ = {isa = PBXFileReference; fileEncoding = 4; lastKnownFileType = sourcecode.c.h; path = "User+AddProperty.h"; sourceTree = "<group>"; };
		BADC8DA320EB4A93002934E9 /* AppDelegate.m */ = {isa = PBXFileReference; fileEncoding = 4; lastKnownFileType = sourcecode.c.objc; path = AppDelegate.m; sourceTree = "<group>"; };
		BADC8DA520EB4A93002934E9 /* HCDRunTime.h */ = {isa = PBXFileReference; fileEncoding = 4; lastKnownFileType = sourcecode.c.h; path = HCDRunTime.h; sourceTree = "<group>"; };
		BADC8DA620EB4A93002934E9 /* HCDRunTime.m */ = {isa = PBXFileReference; fileEncoding = 4; lastKnownFileType = sourcecode.c.objc; path = HCDRunTime.m; sourceTree = "<group>"; };
		BADC8DA720EB4A93002934E9 /* Info.plist */ = {isa = PBXFileReference; fileEncoding = 4; lastKnownFileType = text.plist.xml; path = Info.plist; sourceTree = "<group>"; };
		BADC8DA820EB4A93002934E9 /* ViewController.h */ = {isa = PBXFileReference; fileEncoding = 4; lastKnownFileType = sourcecode.c.h; path = ViewController.h; sourceTree = "<group>"; };
		BAFAA62F20E47A360078152D /* RunTimeDemo.app */ = {isa = PBXFileReference; explicitFileType = wrapper.application; includeInIndex = 0; path = RunTimeDemo.app; sourceTree = BUILT_PRODUCTS_DIR; };
		BAFAA64720E47A380078152D /* RunTimeDemoTests.xctest */ = {isa = PBXFileReference; explicitFileType = wrapper.cfbundle; includeInIndex = 0; path = RunTimeDemoTests.xctest; sourceTree = BUILT_PRODUCTS_DIR; };
		BAFAA64B20E47A380078152D /* RunTimeDemoTests.m */ = {isa = PBXFileReference; lastKnownFileType = sourcecode.c.objc; path = RunTimeDemoTests.m; sourceTree = "<group>"; };
		BAFAA64D20E47A380078152D /* Info.plist */ = {isa = PBXFileReference; lastKnownFileType = text.plist.xml; path = Info.plist; sourceTree = "<group>"; };
		BAFAA65220E47A380078152D /* RunTimeDemoUITests.xctest */ = {isa = PBXFileReference; explicitFileType = wrapper.cfbundle; includeInIndex = 0; path = RunTimeDemoUITests.xctest; sourceTree = BUILT_PRODUCTS_DIR; };
		BAFAA65620E47A380078152D /* RunTimeDemoUITests.m */ = {isa = PBXFileReference; lastKnownFileType = sourcecode.c.objc; path = RunTimeDemoUITests.m; sourceTree = "<group>"; };
		BAFAA65820E47A380078152D /* Info.plist */ = {isa = PBXFileReference; lastKnownFileType = text.plist.xml; path = Info.plist; sourceTree = "<group>"; };
/* End PBXFileReference section */

/* Begin PBXFrameworksBuildPhase section */
		BA8E5D6A20E9E01E007D2C57 /* Frameworks */ = {
			isa = PBXFrameworksBuildPhase;
			buildActionMask = 2147483647;
			files = (
			);
			runOnlyForDeploymentPostprocessing = 0;
		};
		BAFAA62C20E47A360078152D /* Frameworks */ = {
			isa = PBXFrameworksBuildPhase;
			buildActionMask = 2147483647;
			files = (
			);
			runOnlyForDeploymentPostprocessing = 0;
		};
		BAFAA64420E47A380078152D /* Frameworks */ = {
			isa = PBXFrameworksBuildPhase;
			buildActionMask = 2147483647;
			files = (
			);
			runOnlyForDeploymentPostprocessing = 0;
		};
		BAFAA64F20E47A380078152D /* Frameworks */ = {
			isa = PBXFrameworksBuildPhase;
			buildActionMask = 2147483647;
			files = (
			);
			runOnlyForDeploymentPostprocessing = 0;
		};
/* End PBXFrameworksBuildPhase section */

/* Begin PBXGroup section */
		BA8E5D6E20E9E01E007D2C57 /* RuntimeDemo2 */ = {
			isa = PBXGroup;
			children = (
				BACBDA9620EB02720091CCDB /* Category */,
				BA8E5D8320E9E045007D2C57 /* Models */,
				BA8E5D6F20E9E01E007D2C57 /* AppDelegate.h */,
				BA8E5D7020E9E01E007D2C57 /* AppDelegate.m */,
				BA8E5D7220E9E01E007D2C57 /* ViewController.h */,
				BA8E5D7320E9E01E007D2C57 /* ViewController.m */,
				BA8E5D7520E9E01E007D2C57 /* Main.storyboard */,
				BA8E5D7820E9E020007D2C57 /* Assets.xcassets */,
				BA8E5D7A20E9E020007D2C57 /* LaunchScreen.storyboard */,
				BA8E5D7D20E9E020007D2C57 /* Info.plist */,
				BA8E5D7E20E9E020007D2C57 /* main.m */,
			);
			path = RuntimeDemo2;
			sourceTree = "<group>";
		};
		BA8E5D8320E9E045007D2C57 /* Models */ = {
			isa = PBXGroup;
			children = (
				BA8E5D8420E9E058007D2C57 /* User.h */,
				BA8E5D8520E9E058007D2C57 /* User.m */,
				BA8E5D9120EA2B13007D2C57 /* Student.h */,
				BA8E5D9220EA2B13007D2C57 /* Student.m */,
			);
			path = Models;
			sourceTree = "<group>";
		};
		BACBDA9620EB02720091CCDB /* Category */ = {
			isa = PBXGroup;
			children = (
				BACBDA9720EB02C80091CCDB /* UIButton+Click.h */,
				BACBDA9820EB02C80091CCDB /* UIButton+Click.m */,
				BACBDA9A20EB22A60091CCDB /* NSObject+KeyValues.h */,
				BACBDA9B20EB22A60091CCDB /* NSObject+KeyValues.m */,
			);
			path = Category;
			sourceTree = "<group>";
		};
		BADC8D9520EB4A93002934E9 /* RunTimeDemo */ = {
			isa = PBXGroup;
			children = (
				BADC8D9620EB4A93002934E9 /* AppDelegate.h */,
				BADC8D9720EB4A93002934E9 /* Assets.xcassets */,
				BADC8D9820EB4A93002934E9 /* ViewController.m */,
				BADC8D9920EB4A93002934E9 /* LaunchScreen.storyboard */,
				BADC8D9B20EB4A93002934E9 /* Main.storyboard */,
				BADC8D9D20EB4A93002934E9 /* main.m */,
				BADC8D9E20EB4A93002934E9 /* Model */,
				BADC8DA320EB4A93002934E9 /* AppDelegate.m */,
				BADC8DA420EB4A93002934E9 /* HCDRunTime */,
				BADC8DA720EB4A93002934E9 /* Info.plist */,
				BADC8DA820EB4A93002934E9 /* ViewController.h */,
			);
			path = RunTimeDemo;
			sourceTree = "<group>";
		};
		BADC8D9E20EB4A93002934E9 /* Model */ = {
			isa = PBXGroup;
			children = (
				BADC8D9F20EB4A93002934E9 /* User+AddProperty.m */,
				BADC8DA020EB4A93002934E9 /* User.m */,
				BADC8DA120EB4A93002934E9 /* User.h */,
				BADC8DA220EB4A93002934E9 /* User+AddProperty.h */,
			);
			path = Model;
			sourceTree = "<group>";
		};
		BADC8DA420EB4A93002934E9 /* HCDRunTime */ = {
			isa = PBXGroup;
			children = (
				BADC8DA520EB4A93002934E9 /* HCDRunTime.h */,
				BADC8DA620EB4A93002934E9 /* HCDRunTime.m */,
			);
			path = HCDRunTime;
			sourceTree = "<group>";
		};
		BAFAA62620E47A360078152D = {
			isa = PBXGroup;
			children = (
				BADC8D9520EB4A93002934E9 /* RunTimeDemo */,
				BAFAA64A20E47A380078152D /* RunTimeDemoTests */,
				BAFAA65520E47A380078152D /* RunTimeDemoUITests */,
				BA8E5D6E20E9E01E007D2C57 /* RuntimeDemo2 */,
				BAFAA63020E47A360078152D /* Products */,
			);
			sourceTree = "<group>";
		};
		BAFAA63020E47A360078152D /* Products */ = {
			isa = PBXGroup;
			children = (
				BAFAA62F20E47A360078152D /* RunTimeDemo.app */,
				BAFAA64720E47A380078152D /* RunTimeDemoTests.xctest */,
				BAFAA65220E47A380078152D /* RunTimeDemoUITests.xctest */,
				BA8E5D6D20E9E01E007D2C57 /* RuntimeDemo2.app */,
			);
			name = Products;
			sourceTree = "<group>";
		};
		BAFAA64A20E47A380078152D /* RunTimeDemoTests */ = {
			isa = PBXGroup;
			children = (
				BAFAA64B20E47A380078152D /* RunTimeDemoTests.m */,
				BAFAA64D20E47A380078152D /* Info.plist */,
			);
			path = RunTimeDemoTests;
			sourceTree = "<group>";
		};
		BAFAA65520E47A380078152D /* RunTimeDemoUITests */ = {
			isa = PBXGroup;
			children = (
				BAFAA65620E47A380078152D /* RunTimeDemoUITests.m */,
				BAFAA65820E47A380078152D /* Info.plist */,
			);
			path = RunTimeDemoUITests;
			sourceTree = "<group>";
		};
/* End PBXGroup section */

/* Begin PBXNativeTarget section */
		BA8E5D6C20E9E01E007D2C57 /* RuntimeDemo2 */ = {
			isa = PBXNativeTarget;
			buildConfigurationList = BA8E5D8220E9E020007D2C57 /* Build configuration list for PBXNativeTarget "RuntimeDemo2" */;
			buildPhases = (
				BA8E5D6920E9E01E007D2C57 /* Sources */,
				BA8E5D6A20E9E01E007D2C57 /* Frameworks */,
				BA8E5D6B20E9E01E007D2C57 /* Resources */,
			);
			buildRules = (
			);
			dependencies = (
			);
			name = RuntimeDemo2;
			productName = RuntimeDemo2;
			productReference = BA8E5D6D20E9E01E007D2C57 /* RuntimeDemo2.app */;
			productType = "com.apple.product-type.application";
		};
		BAFAA62E20E47A360078152D /* RunTimeDemo */ = {
			isa = PBXNativeTarget;
			buildConfigurationList = BAFAA65B20E47A380078152D /* Build configuration list for PBXNativeTarget "RunTimeDemo" */;
			buildPhases = (
				BAFAA62B20E47A360078152D /* Sources */,
				BAFAA62C20E47A360078152D /* Frameworks */,
				BAFAA62D20E47A360078152D /* Resources */,
			);
			buildRules = (
			);
			dependencies = (
			);
			name = RunTimeDemo;
			productName = RunTimeDemo;
			productReference = BAFAA62F20E47A360078152D /* RunTimeDemo.app */;
			productType = "com.apple.product-type.application";
		};
		BAFAA64620E47A380078152D /* RunTimeDemoTests */ = {
			isa = PBXNativeTarget;
			buildConfigurationList = BAFAA65E20E47A380078152D /* Build configuration list for PBXNativeTarget "RunTimeDemoTests" */;
			buildPhases = (
				BAFAA64320E47A380078152D /* Sources */,
				BAFAA64420E47A380078152D /* Frameworks */,
				BAFAA64520E47A380078152D /* Resources */,
			);
			buildRules = (
			);
			dependencies = (
				BAFAA64920E47A380078152D /* PBXTargetDependency */,
			);
			name = RunTimeDemoTests;
			productName = RunTimeDemoTests;
			productReference = BAFAA64720E47A380078152D /* RunTimeDemoTests.xctest */;
			productType = "com.apple.product-type.bundle.unit-test";
		};
		BAFAA65120E47A380078152D /* RunTimeDemoUITests */ = {
			isa = PBXNativeTarget;
			buildConfigurationList = BAFAA66120E47A380078152D /* Build configuration list for PBXNativeTarget "RunTimeDemoUITests" */;
			buildPhases = (
				BAFAA64E20E47A380078152D /* Sources */,
				BAFAA64F20E47A380078152D /* Frameworks */,
				BAFAA65020E47A380078152D /* Resources */,
			);
			buildRules = (
			);
			dependencies = (
				BAFAA65420E47A380078152D /* PBXTargetDependency */,
			);
			name = RunTimeDemoUITests;
			productName = RunTimeDemoUITests;
			productReference = BAFAA65220E47A380078152D /* RunTimeDemoUITests.xctest */;
			productType = "com.apple.product-type.bundle.ui-testing";
		};
/* End PBXNativeTarget section */

/* Begin PBXProject section */
		BAFAA62720E47A360078152D /* Project object */ = {
			isa = PBXProject;
			attributes = {
				LastUpgradeCheck = 0940;
				ORGANIZATIONNAME = henry;
				TargetAttributes = {
					BA8E5D6C20E9E01E007D2C57 = {
						CreatedOnToolsVersion = 9.4;
					};
					BAFAA62E20E47A360078152D = {
						CreatedOnToolsVersion = 9.4;
					};
					BAFAA64620E47A380078152D = {
						CreatedOnToolsVersion = 9.4;
						TestTargetID = BAFAA62E20E47A360078152D;
					};
					BAFAA65120E47A380078152D = {
						CreatedOnToolsVersion = 9.4;
						TestTargetID = BAFAA62E20E47A360078152D;
					};
				};
			};
			buildConfigurationList = BAFAA62A20E47A360078152D /* Build configuration list for PBXProject "RunTimeDemo" */;
			compatibilityVersion = "Xcode 9.3";
			developmentRegion = en;
			hasScannedForEncodings = 0;
			knownRegions = (
				en,
				Base,
			);
			mainGroup = BAFAA62620E47A360078152D;
			productRefGroup = BAFAA63020E47A360078152D /* Products */;
			projectDirPath = "";
			projectRoot = "";
			targets = (
				BAFAA62E20E47A360078152D /* RunTimeDemo */,
				BAFAA64620E47A380078152D /* RunTimeDemoTests */,
				BAFAA65120E47A380078152D /* RunTimeDemoUITests */,
				BA8E5D6C20E9E01E007D2C57 /* RuntimeDemo2 */,
			);
		};
/* End PBXProject section */

/* Begin PBXResourcesBuildPhase section */
		BA8E5D6B20E9E01E007D2C57 /* Resources */ = {
			isa = PBXResourcesBuildPhase;
			buildActionMask = 2147483647;
			files = (
				BA8E5D7C20E9E020007D2C57 /* LaunchScreen.storyboard in Resources */,
				BA8E5D7920E9E020007D2C57 /* Assets.xcassets in Resources */,
				BA8E5D7720E9E01E007D2C57 /* Main.storyboard in Resources */,
			);
			runOnlyForDeploymentPostprocessing = 0;
		};
		BAFAA62D20E47A360078152D /* Resources */ = {
			isa = PBXResourcesBuildPhase;
			buildActionMask = 2147483647;
			files = (
				BADC8DB220EB4A93002934E9 /* Info.plist in Resources */,
				BADC8DAC20EB4A93002934E9 /* Main.storyboard in Resources */,
				BADC8DA920EB4A93002934E9 /* Assets.xcassets in Resources */,
				BADC8DAB20EB4A93002934E9 /* LaunchScreen.storyboard in Resources */,
			);
			runOnlyForDeploymentPostprocessing = 0;
		};
		BAFAA64520E47A380078152D /* Resources */ = {
			isa = PBXResourcesBuildPhase;
			buildActionMask = 2147483647;
			files = (
			);
			runOnlyForDeploymentPostprocessing = 0;
		};
		BAFAA65020E47A380078152D /* Resources */ = {
			isa = PBXResourcesBuildPhase;
			buildActionMask = 2147483647;
			files = (
			);
			runOnlyForDeploymentPostprocessing = 0;
		};
/* End PBXResourcesBuildPhase section */

/* Begin PBXSourcesBuildPhase section */
		BA8E5D6920E9E01E007D2C57 /* Sources */ = {
			isa = PBXSourcesBuildPhase;
			buildActionMask = 2147483647;
			files = (
				BACBDA9920EB02C80091CCDB /* UIButton+Click.m in Sources */,
				BA8E5D8620E9E058007D2C57 /* User.m in Sources */,
				BACBDA9C20EB22A60091CCDB /* NSObject+KeyValues.m in Sources */,
				BA8E5D7420E9E01E007D2C57 /* ViewController.m in Sources */,
				BA8E5D9320EA2B13007D2C57 /* Student.m in Sources */,
				BA8E5D7F20E9E020007D2C57 /* main.m in Sources */,
				BA8E5D7120E9E01E007D2C57 /* AppDelegate.m in Sources */,
			);
			runOnlyForDeploymentPostprocessing = 0;
		};
		BAFAA62B20E47A360078152D /* Sources */ = {
			isa = PBXSourcesBuildPhase;
			buildActionMask = 2147483647;
			files = (
				BADC8DB120EB4A93002934E9 /* HCDRunTime.m in Sources */,
				BADC8DAF20EB4A93002934E9 /* User.m in Sources */,
				BADC8DAD20EB4A93002934E9 /* main.m in Sources */,
				BADC8DAE20EB4A93002934E9 /* User+AddProperty.m in Sources */,
				BADC8DAA20EB4A93002934E9 /* ViewController.m in Sources */,
				BADC8DB020EB4A93002934E9 /* AppDelegate.m in Sources */,
			);
			runOnlyForDeploymentPostprocessing = 0;
		};
		BAFAA64320E47A380078152D /* Sources */ = {
			isa = PBXSourcesBuildPhase;
			buildActionMask = 2147483647;
			files = (
				BAFAA64C20E47A380078152D /* RunTimeDemoTests.m in Sources */,
			);
			runOnlyForDeploymentPostprocessing = 0;
		};
		BAFAA64E20E47A380078152D /* Sources */ = {
			isa = PBXSourcesBuildPhase;
			buildActionMask = 2147483647;
			files = (
				BAFAA65720E47A380078152D /* RunTimeDemoUITests.m in Sources */,
			);
			runOnlyForDeploymentPostprocessing = 0;
		};
/* End PBXSourcesBuildPhase section */

/* Begin PBXTargetDependency section */
		BAFAA64920E47A380078152D /* PBXTargetDependency */ = {
			isa = PBXTargetDependency;
			target = BAFAA62E20E47A360078152D /* RunTimeDemo */;
			targetProxy = BAFAA64820E47A380078152D /* PBXContainerItemProxy */;
		};
		BAFAA65420E47A380078152D /* PBXTargetDependency */ = {
			isa = PBXTargetDependency;
			target = BAFAA62E20E47A360078152D /* RunTimeDemo */;
			targetProxy = BAFAA65320E47A380078152D /* PBXContainerItemProxy */;
		};
/* End PBXTargetDependency section */

/* Begin PBXVariantGroup section */
		BA8E5D7520E9E01E007D2C57 /* Main.storyboard */ = {
			isa = PBXVariantGroup;
			children = (
				BA8E5D7620E9E01E007D2C57 /* Base */,
			);
			name = Main.storyboard;
			sourceTree = "<group>";
		};
		BA8E5D7A20E9E020007D2C57 /* LaunchScreen.storyboard */ = {
			isa = PBXVariantGroup;
			children = (
				BA8E5D7B20E9E020007D2C57 /* Base */,
			);
			name = LaunchScreen.storyboard;
			sourceTree = "<group>";
		};
		BADC8D9920EB4A93002934E9 /* LaunchScreen.storyboard */ = {
			isa = PBXVariantGroup;
			children = (
				BADC8D9A20EB4A93002934E9 /* Base */,
			);
			name = LaunchScreen.storyboard;
			sourceTree = "<group>";
		};
		BADC8D9B20EB4A93002934E9 /* Main.storyboard */ = {
			isa = PBXVariantGroup;
			children = (
				BADC8D9C20EB4A93002934E9 /* Base */,
			);
			name = Main.storyboard;
			sourceTree = "<group>";
		};
/* End PBXVariantGroup section */

/* Begin XCBuildConfiguration section */
		BA8E5D8020E9E020007D2C57 /* Debug */ = {
			isa = XCBuildConfiguration;
			buildSettings = {
				ASSETCATALOG_COMPILER_APPICON_NAME = AppIcon;
				CODE_SIGN_STYLE = Automatic;
				DEVELOPMENT_TEAM = WA8G5SJS45;
				INFOPLIST_FILE = RuntimeDemo2/Info.plist;
				LD_RUNPATH_SEARCH_PATHS = (
					"$(inherited)",
					"@executable_path/Frameworks",
				);
				PRODUCT_BUNDLE_IDENTIFIER = henry.RuntimeDemo2;
				PRODUCT_NAME = "$(TARGET_NAME)";
				TARGETED_DEVICE_FAMILY = "1,2";
			};
			name = Debug;
		};
		BA8E5D8120E9E020007D2C57 /* Release */ = {
			isa = XCBuildConfiguration;
			buildSettings = {
				ASSETCATALOG_COMPILER_APPICON_NAME = AppIcon;
				CODE_SIGN_STYLE = Automatic;
				DEVELOPMENT_TEAM = WA8G5SJS45;
				INFOPLIST_FILE = RuntimeDemo2/Info.plist;
				LD_RUNPATH_SEARCH_PATHS = (
					"$(inherited)",
					"@executable_path/Frameworks",
				);
				PRODUCT_BUNDLE_IDENTIFIER = henry.RuntimeDemo2;
				PRODUCT_NAME = "$(TARGET_NAME)";
				TARGETED_DEVICE_FAMILY = "1,2";
			};
			name = Release;
		};
		BAFAA65920E47A380078152D /* Debug */ = {
			isa = XCBuildConfiguration;
			buildSettings = {
				ALWAYS_SEARCH_USER_PATHS = NO;
				CLANG_ANALYZER_NONNULL = YES;
				CLANG_ANALYZER_NUMBER_OBJECT_CONVERSION = YES_AGGRESSIVE;
				CLANG_CXX_LANGUAGE_STANDARD = "gnu++14";
				CLANG_CXX_LIBRARY = "libc++";
				CLANG_ENABLE_MODULES = YES;
				CLANG_ENABLE_OBJC_ARC = YES;
				CLANG_ENABLE_OBJC_WEAK = YES;
				CLANG_WARN_BLOCK_CAPTURE_AUTORELEASING = YES;
				CLANG_WARN_BOOL_CONVERSION = YES;
				CLANG_WARN_COMMA = YES;
				CLANG_WARN_CONSTANT_CONVERSION = YES;
				CLANG_WARN_DEPRECATED_OBJC_IMPLEMENTATIONS = YES;
				CLANG_WARN_DIRECT_OBJC_ISA_USAGE = YES_ERROR;
				CLANG_WARN_DOCUMENTATION_COMMENTS = YES;
				CLANG_WARN_EMPTY_BODY = YES;
				CLANG_WARN_ENUM_CONVERSION = YES;
				CLANG_WARN_INFINITE_RECURSION = YES;
				CLANG_WARN_INT_CONVERSION = YES;
				CLANG_WARN_NON_LITERAL_NULL_CONVERSION = YES;
				CLANG_WARN_OBJC_IMPLICIT_RETAIN_SELF = YES;
				CLANG_WARN_OBJC_LITERAL_CONVERSION = YES;
				CLANG_WARN_OBJC_ROOT_CLASS = YES_ERROR;
				CLANG_WARN_RANGE_LOOP_ANALYSIS = YES;
				CLANG_WARN_STRICT_PROTOTYPES = YES;
				CLANG_WARN_SUSPICIOUS_MOVE = YES;
				CLANG_WARN_UNGUARDED_AVAILABILITY = YES_AGGRESSIVE;
				CLANG_WARN_UNREACHABLE_CODE = YES;
				CLANG_WARN__DUPLICATE_METHOD_MATCH = YES;
				CODE_SIGN_IDENTITY = "iPhone Developer";
				COPY_PHASE_STRIP = NO;
				DEBUG_INFORMATION_FORMAT = dwarf;
				ENABLE_STRICT_OBJC_MSGSEND = YES;
				ENABLE_TESTABILITY = YES;
				GCC_C_LANGUAGE_STANDARD = gnu11;
				GCC_DYNAMIC_NO_PIC = NO;
				GCC_NO_COMMON_BLOCKS = YES;
				GCC_OPTIMIZATION_LEVEL = 0;
				GCC_PREPROCESSOR_DEFINITIONS = (
					"DEBUG=1",
					"$(inherited)",
				);
				GCC_WARN_64_TO_32_BIT_CONVERSION = YES;
				GCC_WARN_ABOUT_RETURN_TYPE = YES_ERROR;
				GCC_WARN_UNDECLARED_SELECTOR = YES;
				GCC_WARN_UNINITIALIZED_AUTOS = YES_AGGRESSIVE;
				GCC_WARN_UNUSED_FUNCTION = YES;
				GCC_WARN_UNUSED_VARIABLE = YES;
				IPHONEOS_DEPLOYMENT_TARGET = 11.4;
				MTL_ENABLE_DEBUG_INFO = YES;
				ONLY_ACTIVE_ARCH = YES;
				SDKROOT = iphoneos;
			};
			name = Debug;
		};
		BAFAA65A20E47A380078152D /* Release */ = {
			isa = XCBuildConfiguration;
			buildSettings = {
				ALWAYS_SEARCH_USER_PATHS = NO;
				CLANG_ANALYZER_NONNULL = YES;
				CLANG_ANALYZER_NUMBER_OBJECT_CONVERSION = YES_AGGRESSIVE;
				CLANG_CXX_LANGUAGE_STANDARD = "gnu++14";
				CLANG_CXX_LIBRARY = "libc++";
				CLANG_ENABLE_MODULES = YES;
				CLANG_ENABLE_OBJC_ARC = YES;
				CLANG_ENABLE_OBJC_WEAK = YES;
				CLANG_WARN_BLOCK_CAPTURE_AUTORELEASING = YES;
				CLANG_WARN_BOOL_CONVERSION = YES;
				CLANG_WARN_COMMA = YES;
				CLANG_WARN_CONSTANT_CONVERSION = YES;
				CLANG_WARN_DEPRECATED_OBJC_IMPLEMENTATIONS = YES;
				CLANG_WARN_DIRECT_OBJC_ISA_USAGE = YES_ERROR;
				CLANG_WARN_DOCUMENTATION_COMMENTS = YES;
				CLANG_WARN_EMPTY_BODY = YES;
				CLANG_WARN_ENUM_CONVERSION = YES;
				CLANG_WARN_INFINITE_RECURSION = YES;
				CLANG_WARN_INT_CONVERSION = YES;
				CLANG_WARN_NON_LITERAL_NULL_CONVERSION = YES;
				CLANG_WARN_OBJC_IMPLICIT_RETAIN_SELF = YES;
				CLANG_WARN_OBJC_LITERAL_CONVERSION = YES;
				CLANG_WARN_OBJC_ROOT_CLASS = YES_ERROR;
				CLANG_WARN_RANGE_LOOP_ANALYSIS = YES;
				CLANG_WARN_STRICT_PROTOTYPES = YES;
				CLANG_WARN_SUSPICIOUS_MOVE = YES;
				CLANG_WARN_UNGUARDED_AVAILABILITY = YES_AGGRESSIVE;
				CLANG_WARN_UNREACHABLE_CODE = YES;
				CLANG_WARN__DUPLICATE_METHOD_MATCH = YES;
				CODE_SIGN_IDENTITY = "iPhone Developer";
				COPY_PHASE_STRIP = NO;
				DEBUG_INFORMATION_FORMAT = "dwarf-with-dsym";
				ENABLE_NS_ASSERTIONS = NO;
				ENABLE_STRICT_OBJC_MSGSEND = YES;
				GCC_C_LANGUAGE_STANDARD = gnu11;
				GCC_NO_COMMON_BLOCKS = YES;
				GCC_WARN_64_TO_32_BIT_CONVERSION = YES;
				GCC_WARN_ABOUT_RETURN_TYPE = YES_ERROR;
				GCC_WARN_UNDECLARED_SELECTOR = YES;
				GCC_WARN_UNINITIALIZED_AUTOS = YES_AGGRESSIVE;
				GCC_WARN_UNUSED_FUNCTION = YES;
				GCC_WARN_UNUSED_VARIABLE = YES;
				IPHONEOS_DEPLOYMENT_TARGET = 11.4;
				MTL_ENABLE_DEBUG_INFO = NO;
				SDKROOT = iphoneos;
				VALIDATE_PRODUCT = YES;
			};
			name = Release;
		};
		BAFAA65C20E47A380078152D /* Debug */ = {
			isa = XCBuildConfiguration;
			buildSettings = {
				ASSETCATALOG_COMPILER_APPICON_NAME = AppIcon;
				CODE_SIGN_STYLE = Automatic;
				INFOPLIST_FILE = RunTimeDemo/Info.plist;
				LD_RUNPATH_SEARCH_PATHS = (
					"$(inherited)",
					"@executable_path/Frameworks",
				);
				PRODUCT_BUNDLE_IDENTIFIER = henry.RunTimeDemo;
				PRODUCT_NAME = "$(TARGET_NAME)";
				TARGETED_DEVICE_FAMILY = "1,2";
			};
			name = Debug;
		};
		BAFAA65D20E47A380078152D /* Release */ = {
			isa = XCBuildConfiguration;
			buildSettings = {
				ASSETCATALOG_COMPILER_APPICON_NAME = AppIcon;
				CODE_SIGN_STYLE = Automatic;
				INFOPLIST_FILE = RunTimeDemo/Info.plist;
				LD_RUNPATH_SEARCH_PATHS = (
					"$(inherited)",
					"@executable_path/Frameworks",
				);
				PRODUCT_BUNDLE_IDENTIFIER = henry.RunTimeDemo;
				PRODUCT_NAME = "$(TARGET_NAME)";
				TARGETED_DEVICE_FAMILY = "1,2";
			};
			name = Release;
		};
		BAFAA65F20E47A380078152D /* Debug */ = {
			isa = XCBuildConfiguration;
			buildSettings = {
				BUNDLE_LOADER = "$(TEST_HOST)";
				CODE_SIGN_STYLE = Automatic;
				INFOPLIST_FILE = RunTimeDemoTests/Info.plist;
				LD_RUNPATH_SEARCH_PATHS = (
					"$(inherited)",
					"@executable_path/Frameworks",
					"@loader_path/Frameworks",
				);
				PRODUCT_BUNDLE_IDENTIFIER = henry.RunTimeDemoTests;
				PRODUCT_NAME = "$(TARGET_NAME)";
				TARGETED_DEVICE_FAMILY = "1,2";
				TEST_HOST = "$(BUILT_PRODUCTS_DIR)/RunTimeDemo.app/RunTimeDemo";
			};
			name = Debug;
		};
		BAFAA66020E47A380078152D /* Release */ = {
			isa = XCBuildConfiguration;
			buildSettings = {
				BUNDLE_LOADER = "$(TEST_HOST)";
				CODE_SIGN_STYLE = Automatic;
				INFOPLIST_FILE = RunTimeDemoTests/Info.plist;
				LD_RUNPATH_SEARCH_PATHS = (
					"$(inherited)",
					"@executable_path/Frameworks",
					"@loader_path/Frameworks",
				);
				PRODUCT_BUNDLE_IDENTIFIER = henry.RunTimeDemoTests;
				PRODUCT_NAME = "$(TARGET_NAME)";
				TARGETED_DEVICE_FAMILY = "1,2";
				TEST_HOST = "$(BUILT_PRODUCTS_DIR)/RunTimeDemo.app/RunTimeDemo";
			};
			name = Release;
		};
		BAFAA66220E47A380078152D /* Debug */ = {
			isa = XCBuildConfiguration;
			buildSettings = {
				CODE_SIGN_STYLE = Automatic;
				INFOPLIST_FILE = RunTimeDemoUITests/Info.plist;
				LD_RUNPATH_SEARCH_PATHS = (
					"$(inherited)",
					"@executable_path/Frameworks",
					"@loader_path/Frameworks",
				);
				PRODUCT_BUNDLE_IDENTIFIER = henry.RunTimeDemoUITests;
				PRODUCT_NAME = "$(TARGET_NAME)";
				TARGETED_DEVICE_FAMILY = "1,2";
				TEST_TARGET_NAME = RunTimeDemo;
			};
			name = Debug;
		};
		BAFAA66320E47A380078152D /* Release */ = {
			isa = XCBuildConfiguration;
			buildSettings = {
				CODE_SIGN_STYLE = Automatic;
				INFOPLIST_FILE = RunTimeDemoUITests/Info.plist;
				LD_RUNPATH_SEARCH_PATHS = (
					"$(inherited)",
					"@executable_path/Frameworks",
					"@loader_path/Frameworks",
				);
				PRODUCT_BUNDLE_IDENTIFIER = henry.RunTimeDemoUITests;
				PRODUCT_NAME = "$(TARGET_NAME)";
				TARGETED_DEVICE_FAMILY = "1,2";
				TEST_TARGET_NAME = RunTimeDemo;
			};
			name = Release;
		};
/* End XCBuildConfiguration section */

/* Begin XCConfigurationList section */
		BA8E5D8220E9E020007D2C57 /* Build configuration list for PBXNativeTarget "RuntimeDemo2" */ = {
			isa = XCConfigurationList;
			buildConfigurations = (
				BA8E5D8020E9E020007D2C57 /* Debug */,
				BA8E5D8120E9E020007D2C57 /* Release */,
			);
			defaultConfigurationIsVisible = 0;
			defaultConfigurationName = Release;
		};
		BAFAA62A20E47A360078152D /* Build configuration list for PBXProject "RunTimeDemo" */ = {
			isa = XCConfigurationList;
			buildConfigurations = (
				BAFAA65920E47A380078152D /* Debug */,
				BAFAA65A20E47A380078152D /* Release */,
			);
			defaultConfigurationIsVisible = 0;
			defaultConfigurationName = Release;
		};
		BAFAA65B20E47A380078152D /* Build configuration list for PBXNativeTarget "RunTimeDemo" */ = {
			isa = XCConfigurationList;
			buildConfigurations = (
				BAFAA65C20E47A380078152D /* Debug */,
				BAFAA65D20E47A380078152D /* Release */,
			);
			defaultConfigurationIsVisible = 0;
			defaultConfigurationName = Release;
		};
		BAFAA65E20E47A380078152D /* Build configuration list for PBXNativeTarget "RunTimeDemoTests" */ = {
			isa = XCConfigurationList;
			buildConfigurations = (
				BAFAA65F20E47A380078152D /* Debug */,
				BAFAA66020E47A380078152D /* Release */,
			);
			defaultConfigurationIsVisible = 0;
			defaultConfigurationName = Release;
		};
		BAFAA66120E47A380078152D /* Build configuration list for PBXNativeTarget "RunTimeDemoUITests" */ = {
			isa = XCConfigurationList;
			buildConfigurations = (
				BAFAA66220E47A380078152D /* Debug */,
				BAFAA66320E47A380078152D /* Release */,
			);
			defaultConfigurationIsVisible = 0;
			defaultConfigurationName = Release;
		};
/* End XCConfigurationList section */
	};
	rootObject = BAFAA62720E47A360078152D /* Project object */;
}
